
Microsoft Visual Studio Solution File, Format Version 12.00
# Visual Studio Version 16
VisualStudioVersion = 16.0.29519.87
MinimumVisualStudioVersion = 10.0.40219.1
Project("{FAE04EC0-301F-11D3-BF4B-00C04F79EFBC}") = "QC", "QC\QC.csproj", "{05FAD8FE-DB93-4749-BCC4-4B8F51BAD8EE}"
EndProject
Global
	GlobalSection(SolutionConfigurationPlatforms) = preSolution
		Debug|Any CPU = Debug|Any CPU
		Release|Any CPU = Release|Any CPU
	EndGlobalSection
	GlobalSection(ProjectConfigurationPlatforms) = postSolution
		{05FAD8FE-DB93-4749-BCC4-4B8F51BAD8EE}.Debug|Any CPU.ActiveCfg = Debug|Any CPU
		{05FAD8FE-DB93-4749-BCC4-4B8F51BAD8EE}.Debug|Any CPU.Build.0 = Debug|Any CPU
		{05FAD8FE-DB93-4749-BCC4-4B8F51BAD8EE}.Release|Any CPU.ActiveCfg = Release|Any CPU
		{05FAD8FE-DB93-4749-BCC4-4B8F51BAD8EE}.Release|Any CPU.Build.0 = Release|Any CPU
	EndGlobalSection
	GlobalSection(SolutionProperties) = preSolution
		HideSolutionNode = FALSE
	EndGlobalSection
	GlobalSection(ExtensibilityGlobals) = postSolution
		SolutionGuid = {F92211C5-2C5B-43DC-AD14-64568FF3871D}
	EndGlobalSection
EndGlobal
